{
  "pins" : [
    {
      "identity" : "noobecs",
      "kind" : "remoteSourceControl",
      "location" : "https://github.com/mikolasstuchlik/NoobECS.git",
      "state" : {
        "branch" : "master",
        "revision" : "e094a6a761d914bc40cf03f4aebcbd632b5a0718"
      }
    }
  ],
  "version" : 2
}
