{
  "pins" : [
    {
      "identity" : "noobecs",
      "kind" : "remoteSourceControl",
      "location" : "https://github.com/mikolasstuchlik/NoobECS.git",
      "state" : {
        "branch" : "master",
        "revision" : "ddb4c9bd5aa40f4381300eb9099e9f118952f539"
      }
    }
  ],
  "version" : 2
}
