{
  "pins" : [
    {
      "identity" : "noobecs",
      "kind" : "remoteSourceControl",
      "location" : "https://github.com/mikolasstuchlik/NoobECS.git",
      "state" : {
        "branch" : "master",
        "revision" : "bd77798815a3cb083407ec33b81b0d3791d3ce9f"
      }
    }
  ],
  "version" : 2
}
